
Microsoft Visual Studio Solution File, Format Version 11.00
# Visual Studio 2010
Project("{FAE04EC0-301F-11D3-BF4B-00C04F79EFBC}") = "AntsAgentBasedModel", "AntsAgentBasedModel\AntsAgentBasedModel.csproj", "{4592973D-BD22-427B-A8C3-4E46AFD8378A}"
EndProject
Global
	GlobalSection(SolutionConfigurationPlatforms) = preSolution
		Debug|x86 = Debug|x86
		Release|x86 = Release|x86
	EndGlobalSection
	GlobalSection(ProjectConfigurationPlatforms) = postSolution
		{4592973D-BD22-427B-A8C3-4E46AFD8378A}.Debug|x86.ActiveCfg = Debug|x86
		{4592973D-BD22-427B-A8C3-4E46AFD8378A}.Debug|x86.Build.0 = Debug|x86
		{4592973D-BD22-427B-A8C3-4E46AFD8378A}.Release|x86.ActiveCfg = Release|x86
		{4592973D-BD22-427B-A8C3-4E46AFD8378A}.Release|x86.Build.0 = Release|x86
	EndGlobalSection
	GlobalSection(SolutionProperties) = preSolution
		HideSolutionNode = FALSE
	EndGlobalSection
EndGlobal
